
Microsoft Visual Studio Solution File, Format Version 12.00
# Visual Studio Version 17
VisualStudioVersion = 17.0.32014.148
MinimumVisualStudioVersion = 10.0.40219.1
Project("{FAE04EC0-301F-11D3-BF4B-00C04F79EFBC}") = "ExercicioFLista", "ExercicioFLista\ExercicioFLista.csproj", "{65512820-9713-45B3-AB54-16F009FB8F90}"
EndProject
Global
	GlobalSection(SolutionConfigurationPlatforms) = preSolution
		Debug|Any CPU = Debug|Any CPU
		Release|Any CPU = Release|Any CPU
	EndGlobalSection
	GlobalSection(ProjectConfigurationPlatforms) = postSolution
		{65512820-9713-45B3-AB54-16F009FB8F90}.Debug|Any CPU.ActiveCfg = Debug|Any CPU
		{65512820-9713-45B3-AB54-16F009FB8F90}.Debug|Any CPU.Build.0 = Debug|Any CPU
		{65512820-9713-45B3-AB54-16F009FB8F90}.Release|Any CPU.ActiveCfg = Release|Any CPU
		{65512820-9713-45B3-AB54-16F009FB8F90}.Release|Any CPU.Build.0 = Release|Any CPU
	EndGlobalSection
	GlobalSection(SolutionProperties) = preSolution
		HideSolutionNode = FALSE
	EndGlobalSection
	GlobalSection(ExtensibilityGlobals) = postSolution
		SolutionGuid = {615AEF5B-6D1F-4A10-BDD3-7800232FBE7C}
	EndGlobalSection
EndGlobal
